// !$*UTF8*$!
{
	archiveVersion = 1;
	classes = {
	};
	objectVersion = 46;
	objects = {

/* Begin PBXBuildFile section */
		D5D56BF01CC2F686009A97DB /* AppDelegate.swift in Sources */ = {isa = PBXBuildFile; fileRef = D5D56BEF1CC2F686009A97DB /* AppDelegate.swift */; };
		D5D56BF21CC2F686009A97DB /* ViewController.swift in Sources */ = {isa = PBXBuildFile; fileRef = D5D56BF11CC2F686009A97DB /* ViewController.swift */; };
		D5D56BF51CC2F686009A97DB /* Main.storyboard in Resources */ = {isa = PBXBuildFile; fileRef = D5D56BF31CC2F686009A97DB /* Main.storyboard */; };
		D5D56BF71CC2F686009A97DB /* Assets.xcassets in Resources */ = {isa = PBXBuildFile; fileRef = D5D56BF61CC2F686009A97DB /* Assets.xcassets */; };
		D5D56BFA1CC2F686009A97DB /* LaunchScreen.storyboard in Resources */ = {isa = PBXBuildFile; fileRef = D5D56BF81CC2F686009A97DB /* LaunchScreen.storyboard */; };
		D5D56C021CC314AA009A97DB /* PlayersViewController.swift in Sources */ = {isa = PBXBuildFile; fileRef = D5D56C011CC314AA009A97DB /* PlayersViewController.swift */; };
		D5D56C041CC31529009A97DB /* Player.swift in Sources */ = {isa = PBXBuildFile; fileRef = D5D56C031CC31529009A97DB /* Player.swift */; };
		D5D56C061CC315F5009A97DB /* SampleData.swift in Sources */ = {isa = PBXBuildFile; fileRef = D5D56C051CC315F5009A97DB /* SampleData.swift */; };
/* End PBXBuildFile section */

/* Begin PBXFileReference section */
		D5D56BEC1CC2F686009A97DB /* Ratings.app */ = {isa = PBXFileReference; explicitFileType = wrapper.application; includeInIndex = 0; path = Ratings.app; sourceTree = BUILT_PRODUCTS_DIR; };
		D5D56BEF1CC2F686009A97DB /* AppDelegate.swift */ = {isa = PBXFileReference; lastKnownFileType = sourcecode.swift; path = AppDelegate.swift; sourceTree = "<group>"; };
		D5D56BF11CC2F686009A97DB /* ViewController.swift */ = {isa = PBXFileReference; lastKnownFileType = sourcecode.swift; path = ViewController.swift; sourceTree = "<group>"; };
		D5D56BF41CC2F686009A97DB /* Base */ = {isa = PBXFileReference; lastKnownFileType = file.storyboard; name = Base; path = Base.lproj/Main.storyboard; sourceTree = "<group>"; };
		D5D56BF61CC2F686009A97DB /* Assets.xcassets */ = {isa = PBXFileReference; lastKnownFileType = folder.assetcatalog; path = Assets.xcassets; sourceTree = "<group>"; };
		D5D56BF91CC2F686009A97DB /* Base */ = {isa = PBXFileReference; lastKnownFileType = file.storyboard; name = Base; path = Base.lproj/LaunchScreen.storyboard; sourceTree = "<group>"; };
		D5D56BFB1CC2F686009A97DB /* Info.plist */ = {isa = PBXFileReference; lastKnownFileType = text.plist.xml; path = Info.plist; sourceTree = "<group>"; };
		D5D56C011CC314AA009A97DB /* PlayersViewController.swift */ = {isa = PBXFileReference; fileEncoding = 4; lastKnownFileType = sourcecode.swift; path = PlayersViewController.swift; sourceTree = "<group>"; };
		D5D56C031CC31529009A97DB /* Player.swift */ = {isa = PBXFileReference; fileEncoding = 4; lastKnownFileType = sourcecode.swift; path = Player.swift; sourceTree = "<group>"; };
		D5D56C051CC315F5009A97DB /* SampleData.swift */ = {isa = PBXFileReference; fileEncoding = 4; lastKnownFileType = sourcecode.swift; path = SampleData.swift; sourceTree = "<group>"; };
/* End PBXFileReference section */

/* Begin PBXFrameworksBuildPhase section */
		D5D56BE91CC2F686009A97DB /* Frameworks */ = {
			isa = PBXFrameworksBuildPhase;
			buildActionMask = 2147483647;
			files = (
			);
			runOnlyForDeploymentPostprocessing = 0;
		};
/* End PBXFrameworksBuildPhase section */

/* Begin PBXGroup section */
		D5D56BE31CC2F686009A97DB = {
			isa = PBXGroup;
			children = (
				D5D56BEE1CC2F686009A97DB /* Ratings */,
				D5D56BED1CC2F686009A97DB /* Products */,
			);
			sourceTree = "<group>";
		};
		D5D56BED1CC2F686009A97DB /* Products */ = {
			isa = PBXGroup;
			children = (
				D5D56BEC1CC2F686009A97DB /* Ratings.app */,
			);
			name = Products;
			sourceTree = "<group>";
		};
		D5D56BEE1CC2F686009A97DB /* Ratings */ = {
			isa = PBXGroup;
			children = (
				D5D56BEF1CC2F686009A97DB /* AppDelegate.swift */,
				D5D56BF11CC2F686009A97DB /* ViewController.swift */,
				D5D56BF31CC2F686009A97DB /* Main.storyboard */,
				D5D56C031CC31529009A97DB /* Player.swift */,
				D5D56C051CC315F5009A97DB /* SampleData.swift */,
				D5D56C011CC314AA009A97DB /* PlayersViewController.swift */,
				D5D56BF61CC2F686009A97DB /* Assets.xcassets */,
				D5D56BF81CC2F686009A97DB /* LaunchScreen.storyboard */,
				D5D56BFB1CC2F686009A97DB /* Info.plist */,
			);
			path = Ratings;
			sourceTree = "<group>";
		};
/* End PBXGroup section */

/* Begin PBXNativeTarget section */
		D5D56BEB1CC2F686009A97DB /* Ratings */ = {
			isa = PBXNativeTarget;
			buildConfigurationList = D5D56BFE1CC2F686009A97DB /* Build configuration list for PBXNativeTarget "Ratings" */;
			buildPhases = (
				D5D56BE81CC2F686009A97DB /* Sources */,
				D5D56BE91CC2F686009A97DB /* Frameworks */,
				D5D56BEA1CC2F686009A97DB /* Resources */,
			);
			buildRules = (
			);
			dependencies = (
			);
			name = Ratings;
			productName = Ratings;
			productReference = D5D56BEC1CC2F686009A97DB /* Ratings.app */;
			productType = "com.apple.product-type.application";
		};
/* End PBXNativeTarget section */

/* Begin PBXProject section */
		D5D56BE41CC2F686009A97DB /* Project object */ = {
			isa = PBXProject;
			attributes = {
				LastSwiftUpdateCheck = 0730;
				LastUpgradeCheck = 0730;
				ORGANIZATIONNAME = Leandro;
				TargetAttributes = {
					D5D56BEB1CC2F686009A97DB = {
						CreatedOnToolsVersion = 7.3;
					};
				};
			};
			buildConfigurationList = D5D56BE71CC2F686009A97DB /* Build configuration list for PBXProject "Ratings" */;
			compatibilityVersion = "Xcode 3.2";
			developmentRegion = English;
			hasScannedForEncodings = 0;
			knownRegions = (
				en,
				Base,
			);
			mainGroup = D5D56BE31CC2F686009A97DB;
			productRefGroup = D5D56BED1CC2F686009A97DB /* Products */;
			projectDirPath = "";
			projectRoot = "";
			targets = (
				D5D56BEB1CC2F686009A97DB /* Ratings */,
			);
		};
/* End PBXProject section */

/* Begin PBXResourcesBuildPhase section */
		D5D56BEA1CC2F686009A97DB /* Resources */ = {
			isa = PBXResourcesBuildPhase;
			buildActionMask = 2147483647;
			files = (
				D5D56BFA1CC2F686009A97DB /* LaunchScreen.storyboard in Resources */,
				D5D56BF71CC2F686009A97DB /* Assets.xcassets in Resources */,
				D5D56BF51CC2F686009A97DB /* Main.storyboard in Resources */,
			);
			runOnlyForDeploymentPostprocessing = 0;
		};
/* End PBXResourcesBuildPhase section */

/* Begin PBXSourcesBuildPhase section */
		D5D56BE81CC2F686009A97DB /* Sources */ = {
			isa = PBXSourcesBuildPhase;
			buildActionMask = 2147483647;
			files = (
				D5D56C041CC31529009A97DB /* Player.swift in Sources */,
				D5D56BF21CC2F686009A97DB /* ViewController.swift in Sources */,
				D5D56BF01CC2F686009A97DB /* AppDelegate.swift in Sources */,
				D5D56C061CC315F5009A97DB /* SampleData.swift in Sources */,
				D5D56C021CC314AA009A97DB /* PlayersViewController.swift in Sources */,
			);
			runOnlyForDeploymentPostprocessing = 0;
		};
/* End PBXSourcesBuildPhase section */

/* Begin PBXVariantGroup section */
		D5D56BF31CC2F686009A97DB /* Main.storyboard */ = {
			isa = PBXVariantGroup;
			children = (
				D5D56BF41CC2F686009A97DB /* Base */,
			);
			name = Main.storyboard;
			sourceTree = "<group>";
		};
		D5D56BF81CC2F686009A97DB /* LaunchScreen.storyboard */ = {
			isa = PBXVariantGroup;
			children = (
				D5D56BF91CC2F686009A97DB /* Base */,
			);
			name = LaunchScreen.storyboard;
			sourceTree = "<group>";
		};
/* End PBXVariantGroup section */

/* Begin XCBuildConfiguration section */
		D5D56BFC1CC2F686009A97DB /* Debug */ = {
			isa = XCBuildConfiguration;
			buildSettings = {
				ALWAYS_SEARCH_USER_PATHS = NO;
				CLANG_ANALYZER_NONNULL = YES;
				CLANG_CXX_LANGUAGE_STANDARD = "gnu++0x";
				CLANG_CXX_LIBRARY = "libc++";
				CLANG_ENABLE_MODULES = YES;
				CLANG_ENABLE_OBJC_ARC = YES;
				CLANG_WARN_BOOL_CONVERSION = YES;
				CLANG_WARN_CONSTANT_CONVERSION = YES;
				CLANG_WARN_DIRECT_OBJC_ISA_USAGE = YES_ERROR;
				CLANG_WARN_EMPTY_BODY = YES;
				CLANG_WARN_ENUM_CONVERSION = YES;
				CLANG_WARN_INT_CONVERSION = YES;
				CLANG_WARN_OBJC_ROOT_CLASS = YES_ERROR;
				CLANG_WARN_UNREACHABLE_CODE = YES;
				CLANG_WARN__DUPLICATE_METHOD_MATCH = YES;
				"CODE_SIGN_IDENTITY[sdk=iphoneos*]" = "iPhone Developer";
				COPY_PHASE_STRIP = NO;
				DEBUG_INFORMATION_FORMAT = dwarf;
				ENABLE_STRICT_OBJC_MSGSEND = YES;
				ENABLE_TESTABILITY = YES;
				GCC_C_LANGUAGE_STANDARD = gnu99;
				GCC_DYNAMIC_NO_PIC = NO;
				GCC_NO_COMMON_BLOCKS = YES;
				GCC_OPTIMIZATION_LEVEL = 0;
				GCC_PREPROCESSOR_DEFINITIONS = (
					"DEBUG=1",
					"$(inherited)",
				);
				GCC_WARN_64_TO_32_BIT_CONVERSION = YES;
				GCC_WARN_ABOUT_RETURN_TYPE = YES_ERROR;
				GCC_WARN_UNDECLARED_SELECTOR = YES;
				GCC_WARN_UNINITIALIZED_AUTOS = YES_AGGRESSIVE;
				GCC_WARN_UNUSED_FUNCTION = YES;
				GCC_WARN_UNUSED_VARIABLE = YES;
				IPHONEOS_DEPLOYMENT_TARGET = 9.3;
				MTL_ENABLE_DEBUG_INFO = YES;
				ONLY_ACTIVE_ARCH = YES;
				SDKROOT = iphoneos;
				SWIFT_OPTIMIZATION_LEVEL = "-Onone";
			};
			name = Debug;
		};
		D5D56BFD1CC2F686009A97DB /* Release */ = {
			isa = XCBuildConfiguration;
			buildSettings = {
				ALWAYS_SEARCH_USER_PATHS = NO;
				CLANG_ANALYZER_NONNULL = YES;
				CLANG_CXX_LANGUAGE_STANDARD = "gnu++0x";
				CLANG_CXX_LIBRARY = "libc++";
				CLANG_ENABLE_MODULES = YES;
				CLANG_ENABLE_OBJC_ARC = YES;
				CLANG_WARN_BOOL_CONVERSION = YES;
				CLANG_WARN_CONSTANT_CONVERSION = YES;
				CLANG_WARN_DIRECT_OBJC_ISA_USAGE = YES_ERROR;
				CLANG_WARN_EMPTY_BODY = YES;
				CLANG_WARN_ENUM_CONVERSION = YES;
				CLANG_WARN_INT_CONVERSION = YES;
				CLANG_WARN_OBJC_ROOT_CLASS = YES_ERROR;
				CLANG_WARN_UNREACHABLE_CODE = YES;
				CLANG_WARN__DUPLICATE_METHOD_MATCH = YES;
				"CODE_SIGN_IDENTITY[sdk=iphoneos*]" = "iPhone Developer";
				COPY_PHASE_STRIP = NO;
				DEBUG_INFORMATION_FORMAT = "dwarf-with-dsym";
				ENABLE_NS_ASSERTIONS = NO;
				ENABLE_STRICT_OBJC_MSGSEND = YES;
				GCC_C_LANGUAGE_STANDARD = gnu99;
				GCC_NO_COMMON_BLOCKS = YES;
				GCC_WARN_64_TO_32_BIT_CONVERSION = YES;
				GCC_WARN_ABOUT_RETURN_TYPE = YES_ERROR;
				GCC_WARN_UNDECLARED_SELECTOR = YES;
				GCC_WARN_UNINITIALIZED_AUTOS = YES_AGGRESSIVE;
				GCC_WARN_UNUSED_FUNCTION = YES;
				GCC_WARN_UNUSED_VARIABLE = YES;
				IPHONEOS_DEPLOYMENT_TARGET = 9.3;
				MTL_ENABLE_DEBUG_INFO = NO;
				SDKROOT = iphoneos;
				VALIDATE_PRODUCT = YES;
			};
			name = Release;
		};
		D5D56BFF1CC2F686009A97DB /* Debug */ = {
			isa = XCBuildConfiguration;
			buildSettings = {
				ASSETCATALOG_COMPILER_APPICON_NAME = AppIcon;
				INFOPLIST_FILE = Ratings/Info.plist;
				LD_RUNPATH_SEARCH_PATHS = "$(inherited) @executable_path/Frameworks";
				PRODUCT_BUNDLE_IDENTIFIER = edu.ucsd.llubrico.Ratings;
				PRODUCT_NAME = "$(TARGET_NAME)";
			};
			name = Debug;
		};
		D5D56C001CC2F686009A97DB /* Release */ = {
			isa = XCBuildConfiguration;
			buildSettings = {
				ASSETCATALOG_COMPILER_APPICON_NAME = AppIcon;
				INFOPLIST_FILE = Ratings/Info.plist;
				LD_RUNPATH_SEARCH_PATHS = "$(inherited) @executable_path/Frameworks";
				PRODUCT_BUNDLE_IDENTIFIER = edu.ucsd.llubrico.Ratings;
				PRODUCT_NAME = "$(TARGET_NAME)";
			};
			name = Release;
		};
/* End XCBuildConfiguration section */

/* Begin XCConfigurationList section */
		D5D56BE71CC2F686009A97DB /* Build configuration list for PBXProject "Ratings" */ = {
			isa = XCConfigurationList;
			buildConfigurations = (
				D5D56BFC1CC2F686009A97DB /* Debug */,
				D5D56BFD1CC2F686009A97DB /* Release */,
			);
			defaultConfigurationIsVisible = 0;
			defaultConfigurationName = Release;
		};
		D5D56BFE1CC2F686009A97DB /* Build configuration list for PBXNativeTarget "Ratings" */ = {
			isa = XCConfigurationList;
			buildConfigurations = (
				D5D56BFF1CC2F686009A97DB /* Debug */,
				D5D56C001CC2F686009A97DB /* Release */,
			);
			defaultConfigurationIsVisible = 0;
		};
/* End XCConfigurationList section */
	};
	rootObject = D5D56BE41CC2F686009A97DB /* Project object */;
}
